Microsoft Visual Studio Solution File, Format Version 8.00
Project("{8BC9CEB8-8B4A-11D0-8D11-00A0C91BC942}") = "Koneko", "Koneko.vcproj", "{BBE5A90E-D015-419B-BFE7-17C33323C57C}"
	ProjectSection(ProjectDependencies) = postProject
	EndProjectSection
EndProject
Global
	GlobalSection(SolutionConfiguration) = preSolution
		Debug = Debug
		Profile = Profile
		Profile_FastCap = Profile_FastCap
		Release = Release
		Release_LTCG = Release_LTCG
	EndGlobalSection
	GlobalSection(ProjectConfiguration) = postSolution
		{BBE5A90E-D015-419B-BFE7-17C33323C57C}.Debug.ActiveCfg = Debug|Xbox
		{BBE5A90E-D015-419B-BFE7-17C33323C57C}.Debug.Build.0 = Debug|Xbox
		{BBE5A90E-D015-419B-BFE7-17C33323C57C}.Profile.ActiveCfg = Profile|Xbox
		{BBE5A90E-D015-419B-BFE7-17C33323C57C}.Profile.Build.0 = Profile|Xbox
		{BBE5A90E-D015-419B-BFE7-17C33323C57C}.Profile_FastCap.ActiveCfg = Profile_FastCap|Xbox
		{BBE5A90E-D015-419B-BFE7-17C33323C57C}.Profile_FastCap.Build.0 = Profile_FastCap|Xbox
		{BBE5A90E-D015-419B-BFE7-17C33323C57C}.Release.ActiveCfg = Release|Xbox
		{BBE5A90E-D015-419B-BFE7-17C33323C57C}.Release.Build.0 = Release|Xbox
		{BBE5A90E-D015-419B-BFE7-17C33323C57C}.Release_LTCG.ActiveCfg = Release_LTCG|Xbox
		{BBE5A90E-D015-419B-BFE7-17C33323C57C}.Release_LTCG.Build.0 = Release_LTCG|Xbox
	EndGlobalSection
	GlobalSection(ExtensibilityGlobals) = postSolution
	EndGlobalSection
	GlobalSection(ExtensibilityAddIns) = postSolution
	EndGlobalSection
EndGlobal
